<?xml version="1.0" encoding="utf-8"?>
<Project ToolsVersion="4.0" xmlns="http://schemas.microsoft.com/developer/msbuild/2003">
  <ItemGroup>
    <Filter Include="win32">
      <UniqueIdentifier>{84a8ebd7-7cf0-47f6-b75e-d441df67da40}</UniqueIdentifier>
    </Filter>
    <Filter Include="Resource">
      <UniqueIdentifier>{715254bc-d70b-4ec5-bf29-467dd3ace079}</UniqueIdentifier>
    </Filter>
    <Filter Include="Source">
      <UniqueIdentifier>{bb6c862e-70e9-49d9-81b7-3829a6f50471}</UniqueIdentifier>
    </Filter>
    <Filter Include="Source\Base">
      <UniqueIdentifier>{edf36b06-b1f1-4057-a0ad-7542abdf142c}</UniqueIdentifier>
    </Filter>
    <Filter Include="Source\Object">
      <UniqueIdentifier>{9fd8eb73-cd79-4a93-9667-770c132b45f8}</UniqueIdentifier>
    </Filter>
    <Filter Include="Source\Scene">
      <UniqueIdentifier>{abc17137-c84e-49af-a89c-9375c61a6ac5}</UniqueIdentifier>
    </Filter>
    <Filter Include="Source\Stage">
      <UniqueIdentifier>{b5fe2c00-6b8c-49de-b105-e591c1057fba}</UniqueIdentifier>
    </Filter>
    <Filter Include="Source\System">
      <UniqueIdentifier>{ee00c4b2-1664-4903-b7fe-8b35854a2d76}</UniqueIdentifier>
    </Filter>
  </ItemGroup>
  <ItemGroup>
    <ClCompile Include="main.cpp">
      <Filter>win32</Filter>
    </ClCompile>
    <ClCompile Include="..\Classes\AppDelegate.cpp">
      <Filter>Source</Filter>
    </ClCompile>
    <ClCompile Include="..\Classes\Base\GameMaster.cpp">
      <Filter>Source\Base</Filter>
    </ClCompile>
    <ClCompile Include="..\Classes\Base\Player.cpp">
      <Filter>Source\Base</Filter>
    </ClCompile>
    <ClCompile Include="..\Classes\Base\Sprite.cpp">
      <Filter>Source\Base</Filter>
    </ClCompile>
    <ClCompile Include="..\Classes\Base\Sprite3D.cpp">
      <Filter>Source\Base</Filter>
    </ClCompile>
    <ClCompile Include="..\Classes\Base\UI.cpp">
      <Filter>Source\Base</Filter>
    </ClCompile>
    <ClCompile Include="..\Classes\Base\Unit.cpp">
      <Filter>Source\Base</Filter>
    </ClCompile>
    <ClCompile Include="..\Classes\Object\Effect.cpp">
      <Filter>Source\Object</Filter>
    </ClCompile>
    <ClCompile Include="..\Classes\Object\Muzzle.cpp">
      <Filter>Source\Object</Filter>
    </ClCompile>
    <ClCompile Include="..\Classes\Scene\CreditScene.cpp">
      <Filter>Source\Scene</Filter>
    </ClCompile>
    <ClCompile Include="..\Classes\Scene\GameModelsLayer.cpp">
      <Filter>Source\Scene</Filter>
    </ClCompile>
    <ClCompile Include="..\Classes\Scene\GameScene.cpp">
      <Filter>Source\Scene</Filter>
    </ClCompile>
    <ClCompile Include="..\Classes\Scene\GameUILayer.cpp">
      <Filter>Source\Scene</Filter>
    </ClCompile>
    <ClCompile Include="..\Classes\Scene\TestScene.cpp">
      <Filter>Source\Scene</Filter>
    </ClCompile>
    <ClCompile Include="..\Classes\Scene\TitleScene.cpp">
      <Filter>Source\Scene</Filter>
    </ClCompile>
    <ClCompile Include="..\Classes\Stage\Enemy.cpp">
      <Filter>Source\Stage</Filter>
    </ClCompile>
    <ClCompile Include="..\Classes\Stage\EnemyTable.cpp">
      <Filter>Source\Stage</Filter>
    </ClCompile>
    <ClCompile Include="..\Classes\Scene\ContinueLayer.cpp">
      <Filter>Source\Scene</Filter>
    </ClCompile>
    <ClCompile Include="..\Classes\Scene\GameClearLayer.cpp">
      <Filter>Source\Scene</Filter>
    </ClCompile>
    <ClCompile Include="..\Classes\System\ResourceLoader.cpp">
      <Filter>Source\System</Filter>
    </ClCompile>
    <ClCompile Include="..\Classes\System\Sound.cpp">
      <Filter>Source\System</Filter>
    </ClCompile>
    <ClCompile Include="..\Classes\System\EnemySettingFile.cpp">
      <Filter>Source\System</Filter>
    </ClCompile>
  </ItemGroup>
  <ItemGroup>
    <ClInclude Include="main.h">
      <Filter>win32</Filter>
    </ClInclude>
    <ClInclude Include="..\Classes\AppDelegate.h">
      <Filter>Source</Filter>
    </ClInclude>
    <ClInclude Include="..\Classes\Base\GameMaster.h">
      <Filter>Source\Base</Filter>
    </ClInclude>
    <ClInclude Include="..\Classes\Base\Player.h">
      <Filter>Source\Base</Filter>
    </ClInclude>
    <ClInclude Include="..\Classes\Base\Sprite.h">
      <Filter>Source\Base</Filter>
    </ClInclude>
    <ClInclude Include="..\Classes\Base\Sprite3D.h">
      <Filter>Source\Base</Filter>
    </ClInclude>
    <ClInclude Include="..\Classes\Base\UI.h">
      <Filter>Source\Base</Filter>
    </ClInclude>
    <ClInclude Include="..\Classes\Base\Unit.h">
      <Filter>Source\Base</Filter>
    </ClInclude>
    <ClInclude Include="..\Classes\Object\Effect.h">
      <Filter>Source\Object</Filter>
    </ClInclude>
    <ClInclude Include="..\Classes\Object\Muzzle.h">
      <Filter>Source\Object</Filter>
    </ClInclude>
    <ClInclude Include="..\Classes\Scene\CreditScene.h">
      <Filter>Source\Scene</Filter>
    </ClInclude>
    <ClInclude Include="..\Classes\Scene\GameModelsLayer.h">
      <Filter>Source\Scene</Filter>
    </ClInclude>
    <ClInclude Include="..\Classes\Scene\GameScene.h">
      <Filter>Source\Scene</Filter>
    </ClInclude>
    <ClInclude Include="..\Classes\Scene\GameUILayer.h">
      <Filter>Source\Scene</Filter>
    </ClInclude>
    <ClInclude Include="..\Classes\Scene\TestScene.h">
      <Filter>Source\Scene</Filter>
    </ClInclude>
    <ClInclude Include="..\Classes\Scene\TitleScene.h">
      <Filter>Source\Scene</Filter>
    </ClInclude>
    <ClInclude Include="..\Classes\Stage\Enemy.h">
      <Filter>Source\Stage</Filter>
    </ClInclude>
    <ClInclude Include="..\Classes\Stage\EnemyTable.h">
      <Filter>Source\Stage</Filter>
    </ClInclude>
    <ClInclude Include="..\Classes\Scene\ContinueLayer.h">
      <Filter>Source\Scene</Filter>
    </ClInclude>
    <ClInclude Include="..\Classes\Scene\GameClearLayer.h">
      <Filter>Source\Scene</Filter>
    </ClInclude>
    <ClInclude Include="..\Classes\System\ResourceLoader.h">
      <Filter>Source\System</Filter>
    </ClInclude>
    <ClInclude Include="..\Classes\System\Sound.h">
      <Filter>Source\System</Filter>
    </ClInclude>
    <ClInclude Include="..\Classes\System\EnemySettingFile.h">
      <Filter>Source\System</Filter>
    </ClInclude>
  </ItemGroup>
  <ItemGroup>
    <ResourceCompile Include="game.rc">
      <Filter>Resource</Filter>
    </ResourceCompile>
  </ItemGroup>
</Project>